<?xml version="1.0" encoding="utf-8"?>
<Project ToolsVersion="4.0" xmlns="http://schemas.microsoft.com/developer/msbuild/2003">
  <ItemGroup>
    <Filter Include="Source Files">
      <UniqueIdentifier>{4FC737F1-C7A5-4376-A066-2A32D752A2FF}</UniqueIdentifier>
      <Extensions>cpp;c;cc;cxx;def;odl;idl;hpj;bat;asm;asmx</Extensions>
    </Filter>
    <Filter Include="Header Files">
      <UniqueIdentifier>{93995380-89BD-4b04-88EB-625FBE52EBFB}</UniqueIdentifier>
      <Extensions>h;hh;hpp;hxx;hm;inl;inc;xsd</Extensions>
    </Filter>
    <Filter Include="Source Files\Engine">
      <UniqueIdentifier>{acc12c25-18f2-4ac9-b317-5e96bbb5a091}</UniqueIdentifier>
    </Filter>
    <Filter Include="Header Files\Engine">
      <UniqueIdentifier>{035368eb-01bf-4ee7-8330-7bf8e867fc4c}</UniqueIdentifier>
    </Filter>
    <Filter Include="Header Files\GameStates">
      <UniqueIdentifier>{11836f27-2939-47af-8d0a-135fb43d77a0}</UniqueIdentifier>
    </Filter>
    <Filter Include="Source Files\GameStates">
      <UniqueIdentifier>{6b2d48c0-1fef-4b14-ada8-93be66568a64}</UniqueIdentifier>
    </Filter>
    <Filter Include="Header Files\UI">
      <UniqueIdentifier>{b05bebc6-c3f3-4b70-8470-0c151d261d9a}</UniqueIdentifier>
    </Filter>
    <Filter Include="Source Files\UI">
      <UniqueIdentifier>{41452a39-2307-49a9-a0fc-9c7cc5e52ab5}</UniqueIdentifier>
    </Filter>
    <Filter Include="Source Files\GameUtility">
      <UniqueIdentifier>{130d7294-9d86-4394-8c9e-74df74abc048}</UniqueIdentifier>
    </Filter>
    <Filter Include="Header Files\GameUtility">
      <UniqueIdentifier>{309f919f-f043-4e7f-8d44-986d08e84a1c}</UniqueIdentifier>
    </Filter>
    <Filter Include="Source Files\Resources">
      <UniqueIdentifier>{c89dffd0-2060-4aef-a7ae-aad17c2db4ca}</UniqueIdentifier>
    </Filter>
    <Filter Include="Header Files\Entity Component System">
      <UniqueIdentifier>{e684debe-58d0-47fa-9f7f-ae49da3abed7}</UniqueIdentifier>
    </Filter>
    <Filter Include="Source Files\Entity Component System">
      <UniqueIdentifier>{6141b342-b503-49b1-874c-1d5680d33bcf}</UniqueIdentifier>
    </Filter>
    <Filter Include="Header Files\Resources">
      <UniqueIdentifier>{99c58a44-4cf3-416e-94f4-ea5ee4d46887}</UniqueIdentifier>
    </Filter>
    <Filter Include="Resource Files">
      <UniqueIdentifier>{67DA6AB6-F800-4c08-8B7A-83BB121AAD01}</UniqueIdentifier>
      <Extensions>rc;ico;cur;bmp;dlg;rc2;rct;bin;rgs;gif;jpg;jpeg;jpe;resx;tiff;tif;png;wav;mfcribbon-ms</Extensions>
    </Filter>
  </ItemGroup>
  <ItemGroup>
    <ClCompile Include="GameEngine.cpp">
      <Filter>Source Files\Engine</Filter>
    </ClCompile>
    <ClCompile Include="MainMenu.cpp">
      <Filter>Source Files\GameStates</Filter>
    </ClCompile>
    <ClCompile Include="Core.cpp">
      <Filter>Source Files\Engine</Filter>
    </ClCompile>
    <ClCompile Include="Editor.cpp">
      <Filter>Source Files\GameStates</Filter>
    </ClCompile>
    <ClCompile Include="GUI.cpp">
      <Filter>Source Files\UI</Filter>
    </ClCompile>
    <ClCompile Include="Buttons.cpp">
      <Filter>Source Files\UI</Filter>
    </ClCompile>
    <ClCompile Include="CollisionMap.cpp">
      <Filter>Source Files\GameUtility</Filter>
    </ClCompile>
    <ClCompile Include="Entity.cpp">
      <Filter>Source Files\Entity Component System</Filter>
    </ClCompile>
    <ClCompile Include="System.cpp">
      <Filter>Source Files\Entity Component System</Filter>
    </ClCompile>
    <ClCompile Include="Game.cpp">
      <Filter>Source Files\GameStates</Filter>
    </ClCompile>
    <ClCompile Include="TextureManager.cpp">
      <Filter>Source Files\Resources</Filter>
    </ClCompile>
    <ClCompile Include="AnimationManager.cpp">
      <Filter>Source Files\Resources</Filter>
    </ClCompile>
    <ClCompile Include="ObjectMap.cpp">
      <Filter>Source Files\GameUtility</Filter>
    </ClCompile>
    <ClCompile Include="PlatformMap.cpp">
      <Filter>Source Files\GameUtility</Filter>
    </ClCompile>
    <ClCompile Include="AIScript.cpp">
      <Filter>Source Files\Entity Component System</Filter>
    </ClCompile>
    <ClCompile Include="Fade.cpp">
      <Filter>Source Files\GameStates</Filter>
    </ClCompile>
    <ClCompile Include="HitboxEditor.cpp">
      <Filter>Source Files\GameStates</Filter>
    </ClCompile>
    <ClCompile Include="Animation.cpp">
      <Filter>Source Files\Resources</Filter>
    </ClCompile>
    <ClCompile Include="OptionsMenu.cpp">
      <Filter>Source Files\GameStates</Filter>
    </ClCompile>
    <ClCompile Include="Options.cpp">
      <Filter>Source Files\GameUtility</Filter>
    </ClCompile>
    <ClCompile Include="PauseMenu.cpp">
      <Filter>Source Files\GameStates</Filter>
    </ClCompile>
    <ClCompile Include="CollisionHelper.cpp">
      <Filter>Source Files\GameUtility</Filter>
    </ClCompile>
    <ClCompile Include="EventHandler.cpp">
      <Filter>Source Files</Filter>
    </ClCompile>
    <ClCompile Include="ToolBox.cpp">
      <Filter>Source Files\UI</Filter>
    </ClCompile>
  </ItemGroup>
  <ItemGroup>
    <ClInclude Include="GameEngine.h">
      <Filter>Header Files\Engine</Filter>
    </ClInclude>
    <ClInclude Include="GameState.h">
      <Filter>Header Files\Engine</Filter>
    </ClInclude>
    <ClInclude Include="MainMenu.h">
      <Filter>Header Files\GameStates</Filter>
    </ClInclude>
    <ClInclude Include="Editor.h">
      <Filter>Header Files\GameStates</Filter>
    </ClInclude>
    <ClInclude Include="GUI.h">
      <Filter>Header Files\UI</Filter>
    </ClInclude>
    <ClInclude Include="Buttons.h">
      <Filter>Header Files\UI</Filter>
    </ClInclude>
    <ClInclude Include="CollisionMap.h">
      <Filter>Header Files\GameUtility</Filter>
    </ClInclude>
    <ClInclude Include="Component.h">
      <Filter>Header Files\Entity Component System</Filter>
    </ClInclude>
    <ClInclude Include="Entity.h">
      <Filter>Header Files\Entity Component System</Filter>
    </ClInclude>
    <ClInclude Include="System.h">
      <Filter>Header Files\Entity Component System</Filter>
    </ClInclude>
    <ClInclude Include="Game.h">
      <Filter>Header Files\GameStates</Filter>
    </ClInclude>
    <ClInclude Include="TextureManager.h">
      <Filter>Header Files\Resources</Filter>
    </ClInclude>
    <ClInclude Include="Animation.h">
      <Filter>Header Files\Resources</Filter>
    </ClInclude>
    <ClInclude Include="AnimationManager.h">
      <Filter>Header Files\Resources</Filter>
    </ClInclude>
    <ClInclude Include="ObjectMap.h">
      <Filter>Header Files\GameUtility</Filter>
    </ClInclude>
    <ClInclude Include="PlatformMap.h">
      <Filter>Header Files\GameUtility</Filter>
    </ClInclude>
    <ClInclude Include="AIScript.h">
      <Filter>Header Files\Entity Component System</Filter>
    </ClInclude>
    <ClInclude Include="Fade.h">
      <Filter>Header Files\GameStates</Filter>
    </ClInclude>
    <ClInclude Include="Hitbox.h">
      <Filter>Header Files\GameUtility</Filter>
    </ClInclude>
    <ClInclude Include="HitboxEditor.h">
      <Filter>Header Files\GameStates</Filter>
    </ClInclude>
    <ClInclude Include="OptionsMenu.h">
      <Filter>Header Files\GameStates</Filter>
    </ClInclude>
    <ClInclude Include="Options.h">
      <Filter>Header Files\GameUtility</Filter>
    </ClInclude>
    <ClInclude Include="PauseMenu.h">
      <Filter>Header Files\GameStates</Filter>
    </ClInclude>
    <ClInclude Include="CollisionHelper.h">
      <Filter>Header Files\GameUtility</Filter>
    </ClInclude>
    <ClInclude Include="EventHandler.h">
      <Filter>Header Files</Filter>
    </ClInclude>
    <ClInclude Include="ToolBox.h">
      <Filter>Header Files\UI</Filter>
    </ClInclude>
  </ItemGroup>
</Project>